
Microsoft Visual Studio Solution File, Format Version 12.00
# Visual Studio Version 16
VisualStudioVersion = 16.0.31702.278
MinimumVisualStudioVersion = 10.0.40219.1
Project("{2150E333-8FDC-42A3-9474-1A3956D46DE8}") = "Services", "Services", "{2D4E7410-D227-461C-AEF8-ADBF1C6CE1B5}"
EndProject
Project("{2150E333-8FDC-42A3-9474-1A3956D46DE8}") = "Catalog", "Catalog", "{60A7FD8B-8270-4FAD-ABE6-8991AAC69729}"
EndProject
Project("{9A19103F-16F7-4668-BE54-9A1E7A4F7556}") = "Catalog.API", "Services\Catalog\Catalog.API\Catalog.API.csproj", "{6943479B-51EB-43DD-871D-89176772208C}"
EndProject
Project("{E53339B2-1760-4266-BCC7-CA923CBCF16C}") = "docker-compose", "docker-compose.dcproj", "{DFF28186-B903-43FC-91EC-BB402C3AE223}"
EndProject
Project("{2150E333-8FDC-42A3-9474-1A3956D46DE8}") = "Basket", "Basket", "{5897B9BE-CD4D-455F-8F88-BB3B8D8E758C}"
EndProject
Project("{9A19103F-16F7-4668-BE54-9A1E7A4F7556}") = "Basket.API", "Services\Basket\Basket.API\Basket.API.csproj", "{E66338B3-EEEA-40D2-A345-8D3843632CA5}"
EndProject
Project("{2150E333-8FDC-42A3-9474-1A3956D46DE8}") = "Discount", "Discount", "{C001F75D-D154-42D7-9912-08B6D26CA61F}"
EndProject
Project("{9A19103F-16F7-4668-BE54-9A1E7A4F7556}") = "Discount.API", "Services\Discount\Discount.API\Discount.API.csproj", "{0764FA76-1811-4EA3-9E2E-6612DFE75B57}"
EndProject
Project("{9A19103F-16F7-4668-BE54-9A1E7A4F7556}") = "Discount.Grpc", "Services\Discount\Discount.Grpc\Discount.Grpc.csproj", "{92062446-E92C-40C5-8AFC-A9FC41A402DE}"
EndProject
Project("{2150E333-8FDC-42A3-9474-1A3956D46DE8}") = "Ordering", "Ordering", "{48046186-4C38-4108-8E1E-79E38C5388F8}"
EndProject
Project("{9A19103F-16F7-4668-BE54-9A1E7A4F7556}") = "Ordering.API", "Services\Ordering\Ordering.API\Ordering.API.csproj", "{7207E8A7-37DA-4AE0-B729-C5849E98AAAE}"
EndProject
Project("{9A19103F-16F7-4668-BE54-9A1E7A4F7556}") = "Ordering.Domain", "Services\Ordering\Ordering.Domain\Ordering.Domain.csproj", "{2ECEA3B4-C486-4BDC-A2E7-8EF4A3EAC2A8}"
EndProject
Project("{9A19103F-16F7-4668-BE54-9A1E7A4F7556}") = "Ordering.Application", "Services\Ordering\Ordering.Application\Ordering.Application.csproj", "{B9761389-50B9-45CB-9296-5FA1D883AD61}"
EndProject
Project("{9A19103F-16F7-4668-BE54-9A1E7A4F7556}") = "Ordering.Infrastructure", "Services\Ordering\Ordering.Infrastructure\Ordering.Infrastructure.csproj", "{127F3789-689F-4F26-8ACB-CCECD6DEB252}"
EndProject
Project("{2150E333-8FDC-42A3-9474-1A3956D46DE8}") = "BuildingBlocks", "BuildingBlocks", "{D05FC277-8769-4151-AC66-B787926E4AF7}"
EndProject
Project("{9A19103F-16F7-4668-BE54-9A1E7A4F7556}") = "EventBus.Messages", "BuildingBlocks\EventBus.Messages\EventBus.Messages.csproj", "{73E8DC27-58E8-4083-A9FE-C0096CE58443}"
EndProject
Project("{2150E333-8FDC-42A3-9474-1A3956D46DE8}") = "ApiGateways", "ApiGateways", "{E95993BD-0FDD-470F-A10C-A72F30FF41E2}"
EndProject
Project("{FAE04EC0-301F-11D3-BF4B-00C04F79EFBC}") = "OcelotApiGw", "ApiGateways\OcelotApiGw\OcelotApiGw.csproj", "{81179AAD-BFDE-44CF-9170-1BCFC7E1B164}"
EndProject
Global
	GlobalSection(SolutionConfigurationPlatforms) = preSolution
		Debug|Any CPU = Debug|Any CPU
		Release|Any CPU = Release|Any CPU
	EndGlobalSection
	GlobalSection(ProjectConfigurationPlatforms) = postSolution
		{6943479B-51EB-43DD-871D-89176772208C}.Debug|Any CPU.ActiveCfg = Debug|Any CPU
		{6943479B-51EB-43DD-871D-89176772208C}.Debug|Any CPU.Build.0 = Debug|Any CPU
		{6943479B-51EB-43DD-871D-89176772208C}.Release|Any CPU.ActiveCfg = Release|Any CPU
		{6943479B-51EB-43DD-871D-89176772208C}.Release|Any CPU.Build.0 = Release|Any CPU
		{DFF28186-B903-43FC-91EC-BB402C3AE223}.Debug|Any CPU.ActiveCfg = Debug|Any CPU
		{DFF28186-B903-43FC-91EC-BB402C3AE223}.Debug|Any CPU.Build.0 = Debug|Any CPU
		{DFF28186-B903-43FC-91EC-BB402C3AE223}.Release|Any CPU.ActiveCfg = Release|Any CPU
		{DFF28186-B903-43FC-91EC-BB402C3AE223}.Release|Any CPU.Build.0 = Release|Any CPU
		{E66338B3-EEEA-40D2-A345-8D3843632CA5}.Debug|Any CPU.ActiveCfg = Debug|Any CPU
		{E66338B3-EEEA-40D2-A345-8D3843632CA5}.Debug|Any CPU.Build.0 = Debug|Any CPU
		{E66338B3-EEEA-40D2-A345-8D3843632CA5}.Release|Any CPU.ActiveCfg = Release|Any CPU
		{E66338B3-EEEA-40D2-A345-8D3843632CA5}.Release|Any CPU.Build.0 = Release|Any CPU
		{0764FA76-1811-4EA3-9E2E-6612DFE75B57}.Debug|Any CPU.ActiveCfg = Debug|Any CPU
		{0764FA76-1811-4EA3-9E2E-6612DFE75B57}.Debug|Any CPU.Build.0 = Debug|Any CPU
		{0764FA76-1811-4EA3-9E2E-6612DFE75B57}.Release|Any CPU.ActiveCfg = Release|Any CPU
		{0764FA76-1811-4EA3-9E2E-6612DFE75B57}.Release|Any CPU.Build.0 = Release|Any CPU
		{92062446-E92C-40C5-8AFC-A9FC41A402DE}.Debug|Any CPU.ActiveCfg = Debug|Any CPU
		{92062446-E92C-40C5-8AFC-A9FC41A402DE}.Debug|Any CPU.Build.0 = Debug|Any CPU
		{92062446-E92C-40C5-8AFC-A9FC41A402DE}.Release|Any CPU.ActiveCfg = Release|Any CPU
		{92062446-E92C-40C5-8AFC-A9FC41A402DE}.Release|Any CPU.Build.0 = Release|Any CPU
		{7207E8A7-37DA-4AE0-B729-C5849E98AAAE}.Debug|Any CPU.ActiveCfg = Debug|Any CPU
		{7207E8A7-37DA-4AE0-B729-C5849E98AAAE}.Debug|Any CPU.Build.0 = Debug|Any CPU
		{7207E8A7-37DA-4AE0-B729-C5849E98AAAE}.Release|Any CPU.ActiveCfg = Release|Any CPU
		{7207E8A7-37DA-4AE0-B729-C5849E98AAAE}.Release|Any CPU.Build.0 = Release|Any CPU
		{2ECEA3B4-C486-4BDC-A2E7-8EF4A3EAC2A8}.Debug|Any CPU.ActiveCfg = Debug|Any CPU
		{2ECEA3B4-C486-4BDC-A2E7-8EF4A3EAC2A8}.Debug|Any CPU.Build.0 = Debug|Any CPU
		{2ECEA3B4-C486-4BDC-A2E7-8EF4A3EAC2A8}.Release|Any CPU.ActiveCfg = Release|Any CPU
		{2ECEA3B4-C486-4BDC-A2E7-8EF4A3EAC2A8}.Release|Any CPU.Build.0 = Release|Any CPU
		{B9761389-50B9-45CB-9296-5FA1D883AD61}.Debug|Any CPU.ActiveCfg = Debug|Any CPU
		{B9761389-50B9-45CB-9296-5FA1D883AD61}.Debug|Any CPU.Build.0 = Debug|Any CPU
		{B9761389-50B9-45CB-9296-5FA1D883AD61}.Release|Any CPU.ActiveCfg = Release|Any CPU
		{B9761389-50B9-45CB-9296-5FA1D883AD61}.Release|Any CPU.Build.0 = Release|Any CPU
		{127F3789-689F-4F26-8ACB-CCECD6DEB252}.Debug|Any CPU.ActiveCfg = Debug|Any CPU
		{127F3789-689F-4F26-8ACB-CCECD6DEB252}.Debug|Any CPU.Build.0 = Debug|Any CPU
		{127F3789-689F-4F26-8ACB-CCECD6DEB252}.Release|Any CPU.ActiveCfg = Release|Any CPU
		{127F3789-689F-4F26-8ACB-CCECD6DEB252}.Release|Any CPU.Build.0 = Release|Any CPU
		{73E8DC27-58E8-4083-A9FE-C0096CE58443}.Debug|Any CPU.ActiveCfg = Debug|Any CPU
		{73E8DC27-58E8-4083-A9FE-C0096CE58443}.Debug|Any CPU.Build.0 = Debug|Any CPU
		{73E8DC27-58E8-4083-A9FE-C0096CE58443}.Release|Any CPU.ActiveCfg = Release|Any CPU
		{73E8DC27-58E8-4083-A9FE-C0096CE58443}.Release|Any CPU.Build.0 = Release|Any CPU
		{81179AAD-BFDE-44CF-9170-1BCFC7E1B164}.Debug|Any CPU.ActiveCfg = Debug|Any CPU
		{81179AAD-BFDE-44CF-9170-1BCFC7E1B164}.Debug|Any CPU.Build.0 = Debug|Any CPU
		{81179AAD-BFDE-44CF-9170-1BCFC7E1B164}.Release|Any CPU.ActiveCfg = Release|Any CPU
		{81179AAD-BFDE-44CF-9170-1BCFC7E1B164}.Release|Any CPU.Build.0 = Release|Any CPU
	EndGlobalSection
	GlobalSection(SolutionProperties) = preSolution
		HideSolutionNode = FALSE
	EndGlobalSection
	GlobalSection(NestedProjects) = preSolution
		{60A7FD8B-8270-4FAD-ABE6-8991AAC69729} = {2D4E7410-D227-461C-AEF8-ADBF1C6CE1B5}
		{6943479B-51EB-43DD-871D-89176772208C} = {60A7FD8B-8270-4FAD-ABE6-8991AAC69729}
		{5897B9BE-CD4D-455F-8F88-BB3B8D8E758C} = {2D4E7410-D227-461C-AEF8-ADBF1C6CE1B5}
		{E66338B3-EEEA-40D2-A345-8D3843632CA5} = {5897B9BE-CD4D-455F-8F88-BB3B8D8E758C}
		{C001F75D-D154-42D7-9912-08B6D26CA61F} = {2D4E7410-D227-461C-AEF8-ADBF1C6CE1B5}
		{0764FA76-1811-4EA3-9E2E-6612DFE75B57} = {C001F75D-D154-42D7-9912-08B6D26CA61F}
		{92062446-E92C-40C5-8AFC-A9FC41A402DE} = {C001F75D-D154-42D7-9912-08B6D26CA61F}
		{48046186-4C38-4108-8E1E-79E38C5388F8} = {2D4E7410-D227-461C-AEF8-ADBF1C6CE1B5}
		{7207E8A7-37DA-4AE0-B729-C5849E98AAAE} = {48046186-4C38-4108-8E1E-79E38C5388F8}
		{2ECEA3B4-C486-4BDC-A2E7-8EF4A3EAC2A8} = {48046186-4C38-4108-8E1E-79E38C5388F8}
		{B9761389-50B9-45CB-9296-5FA1D883AD61} = {48046186-4C38-4108-8E1E-79E38C5388F8}
		{127F3789-689F-4F26-8ACB-CCECD6DEB252} = {48046186-4C38-4108-8E1E-79E38C5388F8}
		{73E8DC27-58E8-4083-A9FE-C0096CE58443} = {D05FC277-8769-4151-AC66-B787926E4AF7}
		{81179AAD-BFDE-44CF-9170-1BCFC7E1B164} = {E95993BD-0FDD-470F-A10C-A72F30FF41E2}
	EndGlobalSection
	GlobalSection(ExtensibilityGlobals) = postSolution
		SolutionGuid = {1FC5E443-4345-4A93-B7E6-7FDF9D54E804}
	EndGlobalSection
EndGlobal
